
Microsoft Visual Studio Solution File, Format Version 12.00
# Visual Studio Version 16
VisualStudioVersion = 16.0.31129.286
MinimumVisualStudioVersion = 10.0.40219.1
Project("{FAE04EC0-301F-11D3-BF4B-00C04F79EFBC}") = "NunitRevision", "NunitRevision\NunitRevision.csproj", "{B702F7A5-7937-4114-96E6-56E5C2F150C4}"
EndProject
Project("{FAE04EC0-301F-11D3-BF4B-00C04F79EFBC}") = "MovieUnitTest", "MovieUnitTest\MovieUnitTest.csproj", "{FCA3710F-199C-4F03-BD96-FD4FF7FF1021}"
EndProject
Global
	GlobalSection(SolutionConfigurationPlatforms) = preSolution
		Debug|Any CPU = Debug|Any CPU
		Release|Any CPU = Release|Any CPU
	EndGlobalSection
	GlobalSection(ProjectConfigurationPlatforms) = postSolution
		{B702F7A5-7937-4114-96E6-56E5C2F150C4}.Debug|Any CPU.ActiveCfg = Debug|Any CPU
		{B702F7A5-7937-4114-96E6-56E5C2F150C4}.Debug|Any CPU.Build.0 = Debug|Any CPU
		{B702F7A5-7937-4114-96E6-56E5C2F150C4}.Release|Any CPU.ActiveCfg = Release|Any CPU
		{B702F7A5-7937-4114-96E6-56E5C2F150C4}.Release|Any CPU.Build.0 = Release|Any CPU
		{FCA3710F-199C-4F03-BD96-FD4FF7FF1021}.Debug|Any CPU.ActiveCfg = Debug|Any CPU
		{FCA3710F-199C-4F03-BD96-FD4FF7FF1021}.Debug|Any CPU.Build.0 = Debug|Any CPU
		{FCA3710F-199C-4F03-BD96-FD4FF7FF1021}.Release|Any CPU.ActiveCfg = Release|Any CPU
		{FCA3710F-199C-4F03-BD96-FD4FF7FF1021}.Release|Any CPU.Build.0 = Release|Any CPU
	EndGlobalSection
	GlobalSection(SolutionProperties) = preSolution
		HideSolutionNode = FALSE
	EndGlobalSection
	GlobalSection(ExtensibilityGlobals) = postSolution
		SolutionGuid = {56F15900-A2F4-4676-8BDB-AEEF707F8E5A}
	EndGlobalSection
EndGlobal
